
Microsoft Visual Studio Solution File, Format Version 12.00
# Visual Studio Version 16
VisualStudioVersion = 16.0.28729.10
MinimumVisualStudioVersion = 10.0.40219.1
Project("{9A19103F-16F7-4668-BE54-9A1E7A4F7556}") = "Sandwitch.Tier.Entities", "Sandwitch.Tier.Entities\Sandwitch.Tier.Entities.csproj", "{F541CE9B-7461-448E-ADE7-4DDED1CA6ACE}"
EndProject
Project("{9A19103F-16F7-4668-BE54-9A1E7A4F7556}") = "Sandwitch.Tier.Contexts", "Sandwitch.Tier.Contexts\Sandwitch.Tier.Contexts.csproj", "{C9C60341-C486-4007-AC96-8D6F56204FD0}"
EndProject
Project("{9A19103F-16F7-4668-BE54-9A1E7A4F7556}") = "Sandwitch.Tier.Services", "Sandwitch.Tier.Services\Sandwitch.Tier.Services.csproj", "{D0742CDD-D7C8-4F32-87CB-78508154B693}"
EndProject
Project("{9A19103F-16F7-4668-BE54-9A1E7A4F7556}") = "Sandwitch.Tier.ViewModels", "Sandwitch.Tier.ViewModels\Sandwitch.Tier.ViewModels.csproj", "{7216EA20-D6D3-4E4A-BD4E-190E71BEDE6C}"
EndProject
Project("{9A19103F-16F7-4668-BE54-9A1E7A4F7556}") = "Sandwitch.Tier.Web", "Sandwitch.Tier.Web\Sandwitch.Tier.Web.csproj", "{3BCECE76-E0E0-473D-908D-0BF928433129}"
EndProject
Project("{9A19103F-16F7-4668-BE54-9A1E7A4F7556}") = "Sandwitch.Tier.Mappings", "Sandwitch.Tier.Mappings\Sandwitch.Tier.Mappings.csproj", "{64AECB1E-2419-41E8-873B-EBCFBB4C8A69}"
EndProject
Project("{9A19103F-16F7-4668-BE54-9A1E7A4F7556}") = "Sandwitch.Tier.Logging", "Sandwitch.Tier.Logging\Sandwitch.Tier.Logging.csproj", "{E5518384-C35A-4A8B-B269-FEA287C6B888}"
EndProject
Project("{9A19103F-16F7-4668-BE54-9A1E7A4F7556}") = "Sandwitch.Tier.ExceptionHandling", "Sandwitch.Tier.ExceptionHandling\Sandwitch.Tier.ExceptionHandling.csproj", "{DAD22E3C-518D-49EB-B8A9-2966A4426BC0}"
EndProject
Project("{9A19103F-16F7-4668-BE54-9A1E7A4F7556}") = "Sandwitch.Tier.Constants", "Sandwitch.Tier.Constants\Sandwitch.Tier.Constants.csproj", "{CFB21FC5-89BD-4ED8-A958-E34BB1C7C9B5}"
EndProject
Project("{9A19103F-16F7-4668-BE54-9A1E7A4F7556}") = "Sandwitch.Tier.Services.Tests", "Sandwitch.Tier.Services.Tests\Sandwitch.Tier.Services.Tests.csproj", "{B2293561-1911-460C-A87C-66CFD2E6876E}"
EndProject
Project("{FAE04EC0-301F-11D3-BF4B-00C04F79EFBC}") = "Sandwitch.Tier.Settings", "Sandwitch.Tier.Settings\Sandwitch.Tier.Settings.csproj", "{ED298DD0-D041-45FA-82C1-E141EAC9496A}"
EndProject
Project("{FAE04EC0-301F-11D3-BF4B-00C04F79EFBC}") = "Sandwitch.Tier.Authentication", "Sandwitch.Tier.Authentication\Sandwitch.Tier.Authentication.csproj", "{F71F7C2E-11F0-4EDA-BC29-AE05A71DDE1A}"
EndProject
Project("{FAE04EC0-301F-11D3-BF4B-00C04F79EFBC}") = "Sandwitch.Tier.Helpers", "Sandwitch.Tier.Helpers\Sandwitch.Tier.Helpers.csproj", "{77F3F29A-CA75-46C4-91F3-D66AADED067D}"
EndProject
Global
	GlobalSection(SolutionConfigurationPlatforms) = preSolution
		Debug|Any CPU = Debug|Any CPU
		Release|Any CPU = Release|Any CPU
	EndGlobalSection
	GlobalSection(ProjectConfigurationPlatforms) = postSolution
		{F541CE9B-7461-448E-ADE7-4DDED1CA6ACE}.Debug|Any CPU.ActiveCfg = Debug|Any CPU
		{F541CE9B-7461-448E-ADE7-4DDED1CA6ACE}.Debug|Any CPU.Build.0 = Debug|Any CPU
		{F541CE9B-7461-448E-ADE7-4DDED1CA6ACE}.Release|Any CPU.ActiveCfg = Release|Any CPU
		{F541CE9B-7461-448E-ADE7-4DDED1CA6ACE}.Release|Any CPU.Build.0 = Release|Any CPU
		{C9C60341-C486-4007-AC96-8D6F56204FD0}.Debug|Any CPU.ActiveCfg = Debug|Any CPU
		{C9C60341-C486-4007-AC96-8D6F56204FD0}.Debug|Any CPU.Build.0 = Debug|Any CPU
		{C9C60341-C486-4007-AC96-8D6F56204FD0}.Release|Any CPU.ActiveCfg = Release|Any CPU
		{C9C60341-C486-4007-AC96-8D6F56204FD0}.Release|Any CPU.Build.0 = Release|Any CPU
		{D0742CDD-D7C8-4F32-87CB-78508154B693}.Debug|Any CPU.ActiveCfg = Debug|Any CPU
		{D0742CDD-D7C8-4F32-87CB-78508154B693}.Debug|Any CPU.Build.0 = Debug|Any CPU
		{D0742CDD-D7C8-4F32-87CB-78508154B693}.Release|Any CPU.ActiveCfg = Release|Any CPU
		{D0742CDD-D7C8-4F32-87CB-78508154B693}.Release|Any CPU.Build.0 = Release|Any CPU
		{7216EA20-D6D3-4E4A-BD4E-190E71BEDE6C}.Debug|Any CPU.ActiveCfg = Debug|Any CPU
		{7216EA20-D6D3-4E4A-BD4E-190E71BEDE6C}.Debug|Any CPU.Build.0 = Debug|Any CPU
		{7216EA20-D6D3-4E4A-BD4E-190E71BEDE6C}.Release|Any CPU.ActiveCfg = Release|Any CPU
		{7216EA20-D6D3-4E4A-BD4E-190E71BEDE6C}.Release|Any CPU.Build.0 = Release|Any CPU
		{3BCECE76-E0E0-473D-908D-0BF928433129}.Debug|Any CPU.ActiveCfg = Debug|Any CPU
		{3BCECE76-E0E0-473D-908D-0BF928433129}.Debug|Any CPU.Build.0 = Debug|Any CPU
		{3BCECE76-E0E0-473D-908D-0BF928433129}.Release|Any CPU.ActiveCfg = Release|Any CPU
		{3BCECE76-E0E0-473D-908D-0BF928433129}.Release|Any CPU.Build.0 = Release|Any CPU
		{64AECB1E-2419-41E8-873B-EBCFBB4C8A69}.Debug|Any CPU.ActiveCfg = Debug|Any CPU
		{64AECB1E-2419-41E8-873B-EBCFBB4C8A69}.Debug|Any CPU.Build.0 = Debug|Any CPU
		{64AECB1E-2419-41E8-873B-EBCFBB4C8A69}.Release|Any CPU.ActiveCfg = Release|Any CPU
		{64AECB1E-2419-41E8-873B-EBCFBB4C8A69}.Release|Any CPU.Build.0 = Release|Any CPU
		{E5518384-C35A-4A8B-B269-FEA287C6B888}.Debug|Any CPU.ActiveCfg = Debug|Any CPU
		{E5518384-C35A-4A8B-B269-FEA287C6B888}.Debug|Any CPU.Build.0 = Debug|Any CPU
		{E5518384-C35A-4A8B-B269-FEA287C6B888}.Release|Any CPU.ActiveCfg = Release|Any CPU
		{E5518384-C35A-4A8B-B269-FEA287C6B888}.Release|Any CPU.Build.0 = Release|Any CPU
		{DAD22E3C-518D-49EB-B8A9-2966A4426BC0}.Debug|Any CPU.ActiveCfg = Debug|Any CPU
		{DAD22E3C-518D-49EB-B8A9-2966A4426BC0}.Debug|Any CPU.Build.0 = Debug|Any CPU
		{DAD22E3C-518D-49EB-B8A9-2966A4426BC0}.Release|Any CPU.ActiveCfg = Release|Any CPU
		{DAD22E3C-518D-49EB-B8A9-2966A4426BC0}.Release|Any CPU.Build.0 = Release|Any CPU
		{CFB21FC5-89BD-4ED8-A958-E34BB1C7C9B5}.Debug|Any CPU.ActiveCfg = Debug|Any CPU
		{CFB21FC5-89BD-4ED8-A958-E34BB1C7C9B5}.Debug|Any CPU.Build.0 = Debug|Any CPU
		{CFB21FC5-89BD-4ED8-A958-E34BB1C7C9B5}.Release|Any CPU.ActiveCfg = Release|Any CPU
		{CFB21FC5-89BD-4ED8-A958-E34BB1C7C9B5}.Release|Any CPU.Build.0 = Release|Any CPU
		{B2293561-1911-460C-A87C-66CFD2E6876E}.Debug|Any CPU.ActiveCfg = Debug|Any CPU
		{B2293561-1911-460C-A87C-66CFD2E6876E}.Debug|Any CPU.Build.0 = Debug|Any CPU
		{B2293561-1911-460C-A87C-66CFD2E6876E}.Release|Any CPU.ActiveCfg = Release|Any CPU
		{B2293561-1911-460C-A87C-66CFD2E6876E}.Release|Any CPU.Build.0 = Release|Any CPU
		{ED298DD0-D041-45FA-82C1-E141EAC9496A}.Debug|Any CPU.ActiveCfg = Debug|Any CPU
		{ED298DD0-D041-45FA-82C1-E141EAC9496A}.Debug|Any CPU.Build.0 = Debug|Any CPU
		{ED298DD0-D041-45FA-82C1-E141EAC9496A}.Release|Any CPU.ActiveCfg = Release|Any CPU
		{ED298DD0-D041-45FA-82C1-E141EAC9496A}.Release|Any CPU.Build.0 = Release|Any CPU
		{F71F7C2E-11F0-4EDA-BC29-AE05A71DDE1A}.Debug|Any CPU.ActiveCfg = Debug|Any CPU
		{F71F7C2E-11F0-4EDA-BC29-AE05A71DDE1A}.Debug|Any CPU.Build.0 = Debug|Any CPU
		{F71F7C2E-11F0-4EDA-BC29-AE05A71DDE1A}.Release|Any CPU.ActiveCfg = Release|Any CPU
		{F71F7C2E-11F0-4EDA-BC29-AE05A71DDE1A}.Release|Any CPU.Build.0 = Release|Any CPU
		{77F3F29A-CA75-46C4-91F3-D66AADED067D}.Debug|Any CPU.ActiveCfg = Debug|Any CPU
		{77F3F29A-CA75-46C4-91F3-D66AADED067D}.Debug|Any CPU.Build.0 = Debug|Any CPU
		{77F3F29A-CA75-46C4-91F3-D66AADED067D}.Release|Any CPU.ActiveCfg = Release|Any CPU
		{77F3F29A-CA75-46C4-91F3-D66AADED067D}.Release|Any CPU.Build.0 = Release|Any CPU
	EndGlobalSection
	GlobalSection(SolutionProperties) = preSolution
		HideSolutionNode = FALSE
	EndGlobalSection
	GlobalSection(ExtensibilityGlobals) = postSolution
		SolutionGuid = {364BE785-49DA-429B-A559-0BCC6D1360B8}
	EndGlobalSection
EndGlobal
