
Microsoft Visual Studio Solution File, Format Version 12.00
# Visual Studio Version 17
VisualStudioVersion = 17.2.32616.157
MinimumVisualStudioVersion = 10.0.40219.1
Project("{9A19103F-16F7-4668-BE54-9A1E7A4F7556}") = "Sandwitch.Test.Infrastructure", "Sandwitch.Test.Infrastructure\Sandwitch.Test.Infrastructure.csproj", "{1FC6C130-D8EC-4112-960D-FD48BCBFEE1B}"
EndProject
Project("{9A19103F-16F7-4668-BE54-9A1E7A4F7556}") = "Sandwitch.Service", "Sandwitch.Service\Sandwitch.Service.csproj", "{0DB56344-FCEF-4747-AA54-30220B5EBE35}"
EndProject
Project("{9A19103F-16F7-4668-BE54-9A1E7A4F7556}") = "Sandwitch.Benchmark.Service", "Sandwitch.Benchmark.Service\Sandwitch.Benchmark.Service.csproj", "{D0FAEAE0-0ECC-49E6-91F4-27FC82C76165}"
EndProject
Project("{9A19103F-16F7-4668-BE54-9A1E7A4F7556}") = "Sandwitch.Test.Service", "Sandwitch.Test.Service\Sandwitch.Test.Service.csproj", "{947ADA64-F29A-4E8F-8D6A-ED3B90BBFB8F}"
EndProject
Project("{9A19103F-16F7-4668-BE54-9A1E7A4F7556}") = "Sandwitch.Test.Client", "Sandwitch.Test.Client\Sandwitch.Test.Client.csproj", "{65247CB8-A1D5-42E0-91AB-326AFC96BF65}"
EndProject
Project("{9A19103F-16F7-4668-BE54-9A1E7A4F7556}") = "Sandwitch.Host", "Sandwitch.Host\Sandwitch.Host.csproj", "{C915A8E4-FB40-42EE-837E-0292D9DA2B81}"
EndProject
Project("{FAE04EC0-301F-11D3-BF4B-00C04F79EFBC}") = "Sandwitch.Domain", "Sandwitch.Domain\Sandwitch.Domain.csproj", "{2F3E0E6F-06F5-47B7-9535-45F5A4FCEB01}"
EndProject
Project("{FAE04EC0-301F-11D3-BF4B-00C04F79EFBC}") = "Sandwitch.Infrastructure", "Sandwitch.Infrastructure\Sandwitch.Infrastructure.csproj", "{88418E91-398E-4C15-990C-C45131203EFE}"
EndProject
Project("{FAE04EC0-301F-11D3-BF4B-00C04F79EFBC}") = "Sandwitch.Application", "Sandwitch.Application\Sandwitch.Application.csproj", "{5A808F8F-28F3-4707-9EAD-302A261BD277}"
EndProject
Global
	GlobalSection(SolutionConfigurationPlatforms) = preSolution
		Debug|Any CPU = Debug|Any CPU
		Release|Any CPU = Release|Any CPU
	EndGlobalSection
	GlobalSection(ProjectConfigurationPlatforms) = postSolution
		{1FC6C130-D8EC-4112-960D-FD48BCBFEE1B}.Debug|Any CPU.ActiveCfg = Debug|Any CPU
		{1FC6C130-D8EC-4112-960D-FD48BCBFEE1B}.Debug|Any CPU.Build.0 = Debug|Any CPU
		{1FC6C130-D8EC-4112-960D-FD48BCBFEE1B}.Release|Any CPU.ActiveCfg = Release|Any CPU
		{1FC6C130-D8EC-4112-960D-FD48BCBFEE1B}.Release|Any CPU.Build.0 = Release|Any CPU
		{0DB56344-FCEF-4747-AA54-30220B5EBE35}.Debug|Any CPU.ActiveCfg = Debug|Any CPU
		{0DB56344-FCEF-4747-AA54-30220B5EBE35}.Debug|Any CPU.Build.0 = Debug|Any CPU
		{0DB56344-FCEF-4747-AA54-30220B5EBE35}.Release|Any CPU.ActiveCfg = Release|Any CPU
		{0DB56344-FCEF-4747-AA54-30220B5EBE35}.Release|Any CPU.Build.0 = Release|Any CPU
		{D0FAEAE0-0ECC-49E6-91F4-27FC82C76165}.Debug|Any CPU.ActiveCfg = Debug|Any CPU
		{D0FAEAE0-0ECC-49E6-91F4-27FC82C76165}.Debug|Any CPU.Build.0 = Debug|Any CPU
		{D0FAEAE0-0ECC-49E6-91F4-27FC82C76165}.Release|Any CPU.ActiveCfg = Release|Any CPU
		{D0FAEAE0-0ECC-49E6-91F4-27FC82C76165}.Release|Any CPU.Build.0 = Release|Any CPU
		{947ADA64-F29A-4E8F-8D6A-ED3B90BBFB8F}.Debug|Any CPU.ActiveCfg = Debug|Any CPU
		{947ADA64-F29A-4E8F-8D6A-ED3B90BBFB8F}.Debug|Any CPU.Build.0 = Debug|Any CPU
		{947ADA64-F29A-4E8F-8D6A-ED3B90BBFB8F}.Release|Any CPU.ActiveCfg = Release|Any CPU
		{947ADA64-F29A-4E8F-8D6A-ED3B90BBFB8F}.Release|Any CPU.Build.0 = Release|Any CPU
		{65247CB8-A1D5-42E0-91AB-326AFC96BF65}.Debug|Any CPU.ActiveCfg = Debug|Any CPU
		{65247CB8-A1D5-42E0-91AB-326AFC96BF65}.Debug|Any CPU.Build.0 = Debug|Any CPU
		{65247CB8-A1D5-42E0-91AB-326AFC96BF65}.Release|Any CPU.ActiveCfg = Release|Any CPU
		{65247CB8-A1D5-42E0-91AB-326AFC96BF65}.Release|Any CPU.Build.0 = Release|Any CPU
		{C915A8E4-FB40-42EE-837E-0292D9DA2B81}.Debug|Any CPU.ActiveCfg = Debug|Any CPU
		{C915A8E4-FB40-42EE-837E-0292D9DA2B81}.Debug|Any CPU.Build.0 = Debug|Any CPU
		{C915A8E4-FB40-42EE-837E-0292D9DA2B81}.Release|Any CPU.ActiveCfg = Release|Any CPU
		{C915A8E4-FB40-42EE-837E-0292D9DA2B81}.Release|Any CPU.Build.0 = Release|Any CPU
		{2F3E0E6F-06F5-47B7-9535-45F5A4FCEB01}.Debug|Any CPU.ActiveCfg = Debug|Any CPU
		{2F3E0E6F-06F5-47B7-9535-45F5A4FCEB01}.Debug|Any CPU.Build.0 = Debug|Any CPU
		{2F3E0E6F-06F5-47B7-9535-45F5A4FCEB01}.Release|Any CPU.ActiveCfg = Release|Any CPU
		{2F3E0E6F-06F5-47B7-9535-45F5A4FCEB01}.Release|Any CPU.Build.0 = Release|Any CPU
		{88418E91-398E-4C15-990C-C45131203EFE}.Debug|Any CPU.ActiveCfg = Debug|Any CPU
		{88418E91-398E-4C15-990C-C45131203EFE}.Debug|Any CPU.Build.0 = Debug|Any CPU
		{88418E91-398E-4C15-990C-C45131203EFE}.Release|Any CPU.ActiveCfg = Release|Any CPU
		{88418E91-398E-4C15-990C-C45131203EFE}.Release|Any CPU.Build.0 = Release|Any CPU
		{5A808F8F-28F3-4707-9EAD-302A261BD277}.Debug|Any CPU.ActiveCfg = Debug|Any CPU
		{5A808F8F-28F3-4707-9EAD-302A261BD277}.Debug|Any CPU.Build.0 = Debug|Any CPU
		{5A808F8F-28F3-4707-9EAD-302A261BD277}.Release|Any CPU.ActiveCfg = Release|Any CPU
		{5A808F8F-28F3-4707-9EAD-302A261BD277}.Release|Any CPU.Build.0 = Release|Any CPU
	EndGlobalSection
	GlobalSection(SolutionProperties) = preSolution
		HideSolutionNode = FALSE
	EndGlobalSection
	GlobalSection(ExtensibilityGlobals) = postSolution
		SolutionGuid = {073E580B-B6DC-4FCC-9F98-3EABBE7F6DAF}
	EndGlobalSection
EndGlobal
